
Microsoft Visual Studio Solution File, Format Version 12.00
# Visual Studio Version 17
VisualStudioVersion = 17.7.34202.233
MinimumVisualStudioVersion = 10.0.40219.1
Project("{8BC9CEB8-8B4A-11D0-8D11-00A0C91BC942}") = "Preprocessor.cpp", "Preprocessor.cpp.vcxproj", "{936EFC83-E501-4FC7-879B-A0AD661F5653}"
EndProject
Global
	GlobalSection(SolutionConfigurationPlatforms) = preSolution
		Debug|x64 = Debug|x64
		Debug|x86 = Debug|x86
		Release|x64 = Release|x64
		Release|x86 = Release|x86
	EndGlobalSection
	GlobalSection(ProjectConfigurationPlatforms) = postSolution
		{936EFC83-E501-4FC7-879B-A0AD661F5653}.Debug|x64.ActiveCfg = Debug|x64
		{936EFC83-E501-4FC7-879B-A0AD661F5653}.Debug|x64.Build.0 = Debug|x64
		{936EFC83-E501-4FC7-879B-A0AD661F5653}.Debug|x86.ActiveCfg = Debug|Win32
		{936EFC83-E501-4FC7-879B-A0AD661F5653}.Debug|x86.Build.0 = Debug|Win32
		{936EFC83-E501-4FC7-879B-A0AD661F5653}.Release|x64.ActiveCfg = Release|x64
		{936EFC83-E501-4FC7-879B-A0AD661F5653}.Release|x64.Build.0 = Release|x64
		{936EFC83-E501-4FC7-879B-A0AD661F5653}.Release|x86.ActiveCfg = Release|Win32
		{936EFC83-E501-4FC7-879B-A0AD661F5653}.Release|x86.Build.0 = Release|Win32
	EndGlobalSection
	GlobalSection(SolutionProperties) = preSolution
		HideSolutionNode = FALSE
	EndGlobalSection
	GlobalSection(ExtensibilityGlobals) = postSolution
		SolutionGuid = {AA49BEE9-D286-4A7B-A240-3CE7DBFA9D83}
	EndGlobalSection
EndGlobal
